// !$*UTF8*$!
{
	archiveVersion = 1;
	classes = {
	};
	objectVersion = 50;
	objects = {

/* Begin PBXBuildFile section */
		D063AC0D234AA34600B53C8D /* AppDelegate.swift in Sources */ = {isa = PBXBuildFile; fileRef = D063AC0C234AA34600B53C8D /* AppDelegate.swift */; };
		D063AC0F234AA34600B53C8D /* SceneDelegate.swift in Sources */ = {isa = PBXBuildFile; fileRef = D063AC0E234AA34600B53C8D /* SceneDelegate.swift */; };
		D063AC11234AA34600B53C8D /* ViewController.swift in Sources */ = {isa = PBXBuildFile; fileRef = D063AC10234AA34600B53C8D /* ViewController.swift */; };
		D063AC14234AA34600B53C8D /* Main.storyboard in Resources */ = {isa = PBXBuildFile; fileRef = D063AC12234AA34600B53C8D /* Main.storyboard */; };
		D063AC16234AA34C00B53C8D /* Assets.xcassets in Resources */ = {isa = PBXBuildFile; fileRef = D063AC15234AA34C00B53C8D /* Assets.xcassets */; };
		D063AC19234AA34C00B53C8D /* LaunchScreen.storyboard in Resources */ = {isa = PBXBuildFile; fileRef = D063AC17234AA34C00B53C8D /* LaunchScreen.storyboard */; };
		D063AC21234C243900B53C8D /* Timer.swift in Sources */ = {isa = PBXBuildFile; fileRef = D063AC20234C243900B53C8D /* Timer.swift */; };
/* End PBXBuildFile section */

/* Begin PBXFileReference section */
		D063AC09234AA34600B53C8D /* Tests UI.app */ = {isa = PBXFileReference; explicitFileType = wrapper.application; includeInIndex = 0; path = "Tests UI.app"; sourceTree = BUILT_PRODUCTS_DIR; };
		D063AC0C234AA34600B53C8D /* AppDelegate.swift */ = {isa = PBXFileReference; lastKnownFileType = sourcecode.swift; path = AppDelegate.swift; sourceTree = "<group>"; };
		D063AC0E234AA34600B53C8D /* SceneDelegate.swift */ = {isa = PBXFileReference; lastKnownFileType = sourcecode.swift; path = SceneDelegate.swift; sourceTree = "<group>"; };
		D063AC10234AA34600B53C8D /* ViewController.swift */ = {isa = PBXFileReference; lastKnownFileType = sourcecode.swift; path = ViewController.swift; sourceTree = "<group>"; };
		D063AC13234AA34600B53C8D /* Base */ = {isa = PBXFileReference; lastKnownFileType = file.storyboard; name = Base; path = Base.lproj/Main.storyboard; sourceTree = "<group>"; };
		D063AC15234AA34C00B53C8D /* Assets.xcassets */ = {isa = PBXFileReference; lastKnownFileType = folder.assetcatalog; path = Assets.xcassets; sourceTree = "<group>"; };
		D063AC18234AA34C00B53C8D /* Base */ = {isa = PBXFileReference; lastKnownFileType = file.storyboard; name = Base; path = Base.lproj/LaunchScreen.storyboard; sourceTree = "<group>"; };
		D063AC1A234AA34C00B53C8D /* Info.plist */ = {isa = PBXFileReference; lastKnownFileType = text.plist.xml; path = Info.plist; sourceTree = "<group>"; };
		D063AC20234C243900B53C8D /* Timer.swift */ = {isa = PBXFileReference; lastKnownFileType = sourcecode.swift; path = Timer.swift; sourceTree = "<group>"; };
/* End PBXFileReference section */

/* Begin PBXFrameworksBuildPhase section */
		D063AC06234AA34600B53C8D /* Frameworks */ = {
			isa = PBXFrameworksBuildPhase;
			buildActionMask = 2147483647;
			files = (
			);
			runOnlyForDeploymentPostprocessing = 0;
		};
/* End PBXFrameworksBuildPhase section */

/* Begin PBXGroup section */
		D063AC00234AA34500B53C8D = {
			isa = PBXGroup;
			children = (
				D063AC0B234AA34600B53C8D /* Tests UI */,
				D063AC0A234AA34600B53C8D /* Products */,
			);
			sourceTree = "<group>";
		};
		D063AC0A234AA34600B53C8D /* Products */ = {
			isa = PBXGroup;
			children = (
				D063AC09234AA34600B53C8D /* Tests UI.app */,
			);
			name = Products;
			sourceTree = "<group>";
		};
		D063AC0B234AA34600B53C8D /* Tests UI */ = {
			isa = PBXGroup;
			children = (
				D063AC0C234AA34600B53C8D /* AppDelegate.swift */,
				D063AC0E234AA34600B53C8D /* SceneDelegate.swift */,
				D063AC10234AA34600B53C8D /* ViewController.swift */,
				D063AC20234C243900B53C8D /* Timer.swift */,
				D063AC12234AA34600B53C8D /* Main.storyboard */,
				D063AC15234AA34C00B53C8D /* Assets.xcassets */,
				D063AC17234AA34C00B53C8D /* LaunchScreen.storyboard */,
				D063AC1A234AA34C00B53C8D /* Info.plist */,
			);
			path = "Tests UI";
			sourceTree = "<group>";
		};
/* End PBXGroup section */

/* Begin PBXNativeTarget section */
		D063AC08234AA34600B53C8D /* Tests UI */ = {
			isa = PBXNativeTarget;
			buildConfigurationList = D063AC1D234AA34C00B53C8D /* Build configuration list for PBXNativeTarget "Tests UI" */;
			buildPhases = (
				D063AC05234AA34600B53C8D /* Sources */,
				D063AC06234AA34600B53C8D /* Frameworks */,
				D063AC07234AA34600B53C8D /* Resources */,
			);
			buildRules = (
			);
			dependencies = (
			);
			name = "Tests UI";
			productName = "Tests UI";
			productReference = D063AC09234AA34600B53C8D /* Tests UI.app */;
			productType = "com.apple.product-type.application";
		};
/* End PBXNativeTarget section */

/* Begin PBXProject section */
		D063AC01234AA34500B53C8D /* Project object */ = {
			isa = PBXProject;
			attributes = {
				LastSwiftUpdateCheck = 1100;
				LastUpgradeCheck = 1100;
				ORGANIZATIONNAME = "Alphonso Sensley II";
				TargetAttributes = {
					D063AC08234AA34600B53C8D = {
						CreatedOnToolsVersion = 11.0;
					};
				};
			};
			buildConfigurationList = D063AC04234AA34500B53C8D /* Build configuration list for PBXProject "Tests UI" */;
			compatibilityVersion = "Xcode 9.3";
			developmentRegion = en;
			hasScannedForEncodings = 0;
			knownRegions = (
				en,
				Base,
			);
			mainGroup = D063AC00234AA34500B53C8D;
			productRefGroup = D063AC0A234AA34600B53C8D /* Products */;
			projectDirPath = "";
			projectRoot = "";
			targets = (
				D063AC08234AA34600B53C8D /* Tests UI */,
			);
		};
/* End PBXProject section */

/* Begin PBXResourcesBuildPhase section */
		D063AC07234AA34600B53C8D /* Resources */ = {
			isa = PBXResourcesBuildPhase;
			buildActionMask = 2147483647;
			files = (
				D063AC19234AA34C00B53C8D /* LaunchScreen.storyboard in Resources */,
				D063AC16234AA34C00B53C8D /* Assets.xcassets in Resources */,
				D063AC14234AA34600B53C8D /* Main.storyboard in Resources */,
			);
			runOnlyForDeploymentPostprocessing = 0;
		};
/* End PBXResourcesBuildPhase section */

/* Begin PBXSourcesBuildPhase section */
		D063AC05234AA34600B53C8D /* Sources */ = {
			isa = PBXSourcesBuildPhase;
			buildActionMask = 2147483647;
			files = (
				D063AC11234AA34600B53C8D /* ViewController.swift in Sources */,
				D063AC0D234AA34600B53C8D /* AppDelegate.swift in Sources */,
				D063AC0F234AA34600B53C8D /* SceneDelegate.swift in Sources */,
				D063AC21234C243900B53C8D /* Timer.swift in Sources */,
			);
			runOnlyForDeploymentPostprocessing = 0;
		};
/* End PBXSourcesBuildPhase section */

/* Begin PBXVariantGroup section */
		D063AC12234AA34600B53C8D /* Main.storyboard */ = {
			isa = PBXVariantGroup;
			children = (
				D063AC13234AA34600B53C8D /* Base */,
			);
			name = Main.storyboard;
			sourceTree = "<group>";
		};
		D063AC17234AA34C00B53C8D /* LaunchScreen.storyboard */ = {
			isa = PBXVariantGroup;
			children = (
				D063AC18234AA34C00B53C8D /* Base */,
			);
			name = LaunchScreen.storyboard;
			sourceTree = "<group>";
		};
/* End PBXVariantGroup section */

/* Begin XCBuildConfiguration section */
		D063AC1B234AA34C00B53C8D /* Debug */ = {
			isa = XCBuildConfiguration;
			buildSettings = {
				ALWAYS_SEARCH_USER_PATHS = NO;
				CLANG_ANALYZER_NONNULL = YES;
				CLANG_ANALYZER_NUMBER_OBJECT_CONVERSION = YES_AGGRESSIVE;
				CLANG_CXX_LANGUAGE_STANDARD = "gnu++14";
				CLANG_CXX_LIBRARY = "libc++";
				CLANG_ENABLE_MODULES = YES;
				CLANG_ENABLE_OBJC_ARC = YES;
				CLANG_ENABLE_OBJC_WEAK = YES;
				CLANG_WARN_BLOCK_CAPTURE_AUTORELEASING = YES;
				CLANG_WARN_BOOL_CONVERSION = YES;
				CLANG_WARN_COMMA = YES;
				CLANG_WARN_CONSTANT_CONVERSION = YES;
				CLANG_WARN_DEPRECATED_OBJC_IMPLEMENTATIONS = YES;
				CLANG_WARN_DIRECT_OBJC_ISA_USAGE = YES_ERROR;
				CLANG_WARN_DOCUMENTATION_COMMENTS = YES;
				CLANG_WARN_EMPTY_BODY = YES;
				CLANG_WARN_ENUM_CONVERSION = YES;
				CLANG_WARN_INFINITE_RECURSION = YES;
				CLANG_WARN_INT_CONVERSION = YES;
				CLANG_WARN_NON_LITERAL_NULL_CONVERSION = YES;
				CLANG_WARN_OBJC_IMPLICIT_RETAIN_SELF = YES;
				CLANG_WARN_OBJC_LITERAL_CONVERSION = YES;
				CLANG_WARN_OBJC_ROOT_CLASS = YES_ERROR;
				CLANG_WARN_RANGE_LOOP_ANALYSIS = YES;
				CLANG_WARN_STRICT_PROTOTYPES = YES;
				CLANG_WARN_SUSPICIOUS_MOVE = YES;
				CLANG_WARN_UNGUARDED_AVAILABILITY = YES_AGGRESSIVE;
				CLANG_WARN_UNREACHABLE_CODE = YES;
				CLANG_WARN__DUPLICATE_METHOD_MATCH = YES;
				COPY_PHASE_STRIP = NO;
				DEBUG_INFORMATION_FORMAT = dwarf;
				ENABLE_STRICT_OBJC_MSGSEND = YES;
				ENABLE_TESTABILITY = YES;
				GCC_C_LANGUAGE_STANDARD = gnu11;
				GCC_DYNAMIC_NO_PIC = NO;
				GCC_NO_COMMON_BLOCKS = YES;
				GCC_OPTIMIZATION_LEVEL = 0;
				GCC_PREPROCESSOR_DEFINITIONS = (
					"DEBUG=1",
					"$(inherited)",
				);
				GCC_WARN_64_TO_32_BIT_CONVERSION = YES;
				GCC_WARN_ABOUT_RETURN_TYPE = YES_ERROR;
				GCC_WARN_UNDECLARED_SELECTOR = YES;
				GCC_WARN_UNINITIALIZED_AUTOS = YES_AGGRESSIVE;
				GCC_WARN_UNUSED_FUNCTION = YES;
				GCC_WARN_UNUSED_VARIABLE = YES;
				IPHONEOS_DEPLOYMENT_TARGET = 13.0;
				MTL_ENABLE_DEBUG_INFO = INCLUDE_SOURCE;
				MTL_FAST_MATH = YES;
				ONLY_ACTIVE_ARCH = YES;
				SDKROOT = iphoneos;
				SWIFT_ACTIVE_COMPILATION_CONDITIONS = DEBUG;
				SWIFT_OPTIMIZATION_LEVEL = "-Onone";
			};
			name = Debug;
		};
		D063AC1C234AA34C00B53C8D /* Release */ = {
			isa = XCBuildConfiguration;
			buildSettings = {
				ALWAYS_SEARCH_USER_PATHS = NO;
				CLANG_ANALYZER_NONNULL = YES;
				CLANG_ANALYZER_NUMBER_OBJECT_CONVERSION = YES_AGGRESSIVE;
				CLANG_CXX_LANGUAGE_STANDARD = "gnu++14";
				CLANG_CXX_LIBRARY = "libc++";
				CLANG_ENABLE_MODULES = YES;
				CLANG_ENABLE_OBJC_ARC = YES;
				CLANG_ENABLE_OBJC_WEAK = YES;
				CLANG_WARN_BLOCK_CAPTURE_AUTORELEASING = YES;
				CLANG_WARN_BOOL_CONVERSION = YES;
				CLANG_WARN_COMMA = YES;
				CLANG_WARN_CONSTANT_CONVERSION = YES;
				CLANG_WARN_DEPRECATED_OBJC_IMPLEMENTATIONS = YES;
				CLANG_WARN_DIRECT_OBJC_ISA_USAGE = YES_ERROR;
				CLANG_WARN_DOCUMENTATION_COMMENTS = YES;
				CLANG_WARN_EMPTY_BODY = YES;
				CLANG_WARN_ENUM_CONVERSION = YES;
				CLANG_WARN_INFINITE_RECURSION = YES;
				CLANG_WARN_INT_CONVERSION = YES;
				CLANG_WARN_NON_LITERAL_NULL_CONVERSION = YES;
				CLANG_WARN_OBJC_IMPLICIT_RETAIN_SELF = YES;
				CLANG_WARN_OBJC_LITERAL_CONVERSION = YES;
				CLANG_WARN_OBJC_ROOT_CLASS = YES_ERROR;
				CLANG_WARN_RANGE_LOOP_ANALYSIS = YES;
				CLANG_WARN_STRICT_PROTOTYPES = YES;
				CLANG_WARN_SUSPICIOUS_MOVE = YES;
				CLANG_WARN_UNGUARDED_AVAILABILITY = YES_AGGRESSIVE;
				CLANG_WARN_UNREACHABLE_CODE = YES;
				CLANG_WARN__DUPLICATE_METHOD_MATCH = YES;
				COPY_PHASE_STRIP = NO;
				DEBUG_INFORMATION_FORMAT = "dwarf-with-dsym";
				ENABLE_NS_ASSERTIONS = NO;
				ENABLE_STRICT_OBJC_MSGSEND = YES;
				GCC_C_LANGUAGE_STANDARD = gnu11;
				GCC_NO_COMMON_BLOCKS = YES;
				GCC_WARN_64_TO_32_BIT_CONVERSION = YES;
				GCC_WARN_ABOUT_RETURN_TYPE = YES_ERROR;
				GCC_WARN_UNDECLARED_SELECTOR = YES;
				GCC_WARN_UNINITIALIZED_AUTOS = YES_AGGRESSIVE;
				GCC_WARN_UNUSED_FUNCTION = YES;
				GCC_WARN_UNUSED_VARIABLE = YES;
				IPHONEOS_DEPLOYMENT_TARGET = 13.0;
				MTL_ENABLE_DEBUG_INFO = NO;
				MTL_FAST_MATH = YES;
				SDKROOT = iphoneos;
				SWIFT_COMPILATION_MODE = wholemodule;
				SWIFT_OPTIMIZATION_LEVEL = "-O";
				VALIDATE_PRODUCT = YES;
			};
			name = Release;
		};
		D063AC1E234AA34C00B53C8D /* Debug */ = {
			isa = XCBuildConfiguration;
			buildSettings = {
				ASSETCATALOG_COMPILER_APPICON_NAME = AppIcon;
				CODE_SIGN_STYLE = Automatic;
				DEVELOPMENT_TEAM = 6257XTCRBF;
				INFOPLIST_FILE = "Tests UI/Info.plist";
				LD_RUNPATH_SEARCH_PATHS = (
					"$(inherited)",
					"@executable_path/Frameworks",
				);
				PRODUCT_BUNDLE_IDENTIFIER = "com.AlphonsoSensleyII.Tests-UI";
				PRODUCT_NAME = "$(TARGET_NAME)";
				SWIFT_VERSION = 5.0;
				TARGETED_DEVICE_FAMILY = "1,2";
			};
			name = Debug;
		};
		D063AC1F234AA34C00B53C8D /* Release */ = {
			isa = XCBuildConfiguration;
			buildSettings = {
				ASSETCATALOG_COMPILER_APPICON_NAME = AppIcon;
				CODE_SIGN_STYLE = Automatic;
				DEVELOPMENT_TEAM = 6257XTCRBF;
				INFOPLIST_FILE = "Tests UI/Info.plist";
				LD_RUNPATH_SEARCH_PATHS = (
					"$(inherited)",
					"@executable_path/Frameworks",
				);
				PRODUCT_BUNDLE_IDENTIFIER = "com.AlphonsoSensleyII.Tests-UI";
				PRODUCT_NAME = "$(TARGET_NAME)";
				SWIFT_VERSION = 5.0;
				TARGETED_DEVICE_FAMILY = "1,2";
			};
			name = Release;
		};
/* End XCBuildConfiguration section */

/* Begin XCConfigurationList section */
		D063AC04234AA34500B53C8D /* Build configuration list for PBXProject "Tests UI" */ = {
			isa = XCConfigurationList;
			buildConfigurations = (
				D063AC1B234AA34C00B53C8D /* Debug */,
				D063AC1C234AA34C00B53C8D /* Release */,
			);
			defaultConfigurationIsVisible = 0;
			defaultConfigurationName = Release;
		};
		D063AC1D234AA34C00B53C8D /* Build configuration list for PBXNativeTarget "Tests UI" */ = {
			isa = XCConfigurationList;
			buildConfigurations = (
				D063AC1E234AA34C00B53C8D /* Debug */,
				D063AC1F234AA34C00B53C8D /* Release */,
			);
			defaultConfigurationIsVisible = 0;
			defaultConfigurationName = Release;
		};
/* End XCConfigurationList section */
	};
	rootObject = D063AC01234AA34500B53C8D /* Project object */;
}
